
Microsoft Visual Studio Solution File, Format Version 12.00
# Visual Studio Version 17
VisualStudioVersion = 17.1.32421.90
MinimumVisualStudioVersion = 10.0.40219.1
Project("{FAE04EC0-301F-11D3-BF4B-00C04F79EFBC}") = "Myshop.Core", "Myshop.Core\Myshop.Core.csproj", "{94465801-02EB-4217-A201-6FB7146775C4}"
EndProject
Project("{FAE04EC0-301F-11D3-BF4B-00C04F79EFBC}") = "MyShop.Services", "MyShop.Services\MyShop.Services.csproj", "{B128CAD2-F6C8-4B66-8C84-29A68B6424C5}"
EndProject
Project("{FAE04EC0-301F-11D3-BF4B-00C04F79EFBC}") = "MyShop.DataAccess.InMemory", "MyShop.DataAccess.InMemory\MyShop.DataAccess.InMemory.csproj", "{F4FA5CF7-C3D7-46BB-AB67-56E52B802B0F}"
EndProject
Project("{FAE04EC0-301F-11D3-BF4B-00C04F79EFBC}") = "MyShop.WebUI", "MyShop.WebUI\MyShop.WebUI.csproj", "{D1647E41-E26C-4AFE-9994-21B9DAE28D83}"
EndProject
Project("{FAE04EC0-301F-11D3-BF4B-00C04F79EFBC}") = "MyShop.WebUI.Tests", "MyShop.WebUI.Tests\MyShop.WebUI.Tests.csproj", "{751D304D-A244-4147-8137-40E529C28AB7}"
EndProject
Project("{FAE04EC0-301F-11D3-BF4B-00C04F79EFBC}") = "MyShop.DataAccess.SQL", "MyShop.DataAccess.SQL\MyShop.DataAccess.SQL.csproj", "{A45C11CA-E0C8-49CA-B5D9-0914B52885DE}"
EndProject
Global
	GlobalSection(SolutionConfigurationPlatforms) = preSolution
		Debug|Any CPU = Debug|Any CPU
		Release|Any CPU = Release|Any CPU
	EndGlobalSection
	GlobalSection(ProjectConfigurationPlatforms) = postSolution
		{94465801-02EB-4217-A201-6FB7146775C4}.Debug|Any CPU.ActiveCfg = Debug|Any CPU
		{94465801-02EB-4217-A201-6FB7146775C4}.Debug|Any CPU.Build.0 = Debug|Any CPU
		{94465801-02EB-4217-A201-6FB7146775C4}.Release|Any CPU.ActiveCfg = Release|Any CPU
		{94465801-02EB-4217-A201-6FB7146775C4}.Release|Any CPU.Build.0 = Release|Any CPU
		{B128CAD2-F6C8-4B66-8C84-29A68B6424C5}.Debug|Any CPU.ActiveCfg = Debug|Any CPU
		{B128CAD2-F6C8-4B66-8C84-29A68B6424C5}.Debug|Any CPU.Build.0 = Debug|Any CPU
		{B128CAD2-F6C8-4B66-8C84-29A68B6424C5}.Release|Any CPU.ActiveCfg = Release|Any CPU
		{B128CAD2-F6C8-4B66-8C84-29A68B6424C5}.Release|Any CPU.Build.0 = Release|Any CPU
		{F4FA5CF7-C3D7-46BB-AB67-56E52B802B0F}.Debug|Any CPU.ActiveCfg = Debug|Any CPU
		{F4FA5CF7-C3D7-46BB-AB67-56E52B802B0F}.Debug|Any CPU.Build.0 = Debug|Any CPU
		{F4FA5CF7-C3D7-46BB-AB67-56E52B802B0F}.Release|Any CPU.ActiveCfg = Release|Any CPU
		{F4FA5CF7-C3D7-46BB-AB67-56E52B802B0F}.Release|Any CPU.Build.0 = Release|Any CPU
		{D1647E41-E26C-4AFE-9994-21B9DAE28D83}.Debug|Any CPU.ActiveCfg = Debug|Any CPU
		{D1647E41-E26C-4AFE-9994-21B9DAE28D83}.Debug|Any CPU.Build.0 = Debug|Any CPU
		{D1647E41-E26C-4AFE-9994-21B9DAE28D83}.Release|Any CPU.ActiveCfg = Release|Any CPU
		{D1647E41-E26C-4AFE-9994-21B9DAE28D83}.Release|Any CPU.Build.0 = Release|Any CPU
		{751D304D-A244-4147-8137-40E529C28AB7}.Debug|Any CPU.ActiveCfg = Debug|Any CPU
		{751D304D-A244-4147-8137-40E529C28AB7}.Debug|Any CPU.Build.0 = Debug|Any CPU
		{751D304D-A244-4147-8137-40E529C28AB7}.Release|Any CPU.ActiveCfg = Release|Any CPU
		{751D304D-A244-4147-8137-40E529C28AB7}.Release|Any CPU.Build.0 = Release|Any CPU
		{A45C11CA-E0C8-49CA-B5D9-0914B52885DE}.Debug|Any CPU.ActiveCfg = Debug|Any CPU
		{A45C11CA-E0C8-49CA-B5D9-0914B52885DE}.Debug|Any CPU.Build.0 = Debug|Any CPU
		{A45C11CA-E0C8-49CA-B5D9-0914B52885DE}.Release|Any CPU.ActiveCfg = Release|Any CPU
		{A45C11CA-E0C8-49CA-B5D9-0914B52885DE}.Release|Any CPU.Build.0 = Release|Any CPU
	EndGlobalSection
	GlobalSection(SolutionProperties) = preSolution
		HideSolutionNode = FALSE
	EndGlobalSection
	GlobalSection(ExtensibilityGlobals) = postSolution
		SolutionGuid = {3F2DC73B-1760-4F5F-AFD7-F12A4F864C42}
	EndGlobalSection
EndGlobal
